
Microsoft Visual Studio Solution File, Format Version 12.00
# Visual Studio Version 17
VisualStudioVersion = 17.0.31903.59
MinimumVisualStudioVersion = 15.0.26124.0
Project("{9A19103F-16F7-4668-BE54-9A1E7A4F7556}") = "Cosmos.Abstracts", "src\Cosmos.Abstracts\Cosmos.Abstracts.csproj", "{B9B16A9B-0484-4632-865E-AB298DB30855}"
EndProject
Project("{9A19103F-16F7-4668-BE54-9A1E7A4F7556}") = "Cosmos.Abstracts.Tests", "test\Cosmos.Abstracts.Tests\Cosmos.Abstracts.Tests.csproj", "{D8E3BC3C-33CF-4DAC-8FED-1ADECF539238}"
EndProject
Project("{2150E333-8FDC-42A3-9474-1A3956D46DE8}") = "Build", "Build", "{9F52E13A-7612-463F-A1EB-961EC2E17410}"
	ProjectSection(SolutionItems) = preProject
		appveyor.yml = appveyor.yml
		build\common.props = build\common.props
		coveralls.ps1 = coveralls.ps1
		coverlet.runsettings = coverlet.runsettings
		README.md = README.md
		build\sourcelink.props = build\sourcelink.props
		build\version.props = build\version.props
	EndProjectSection
EndProject
Global
	GlobalSection(SolutionConfigurationPlatforms) = preSolution
		Debug|Any CPU = Debug|Any CPU
		Debug|x64 = Debug|x64
		Debug|x86 = Debug|x86
		Release|Any CPU = Release|Any CPU
		Release|x64 = Release|x64
		Release|x86 = Release|x86
	EndGlobalSection
	GlobalSection(ProjectConfigurationPlatforms) = postSolution
		{B9B16A9B-0484-4632-865E-AB298DB30855}.Debug|Any CPU.ActiveCfg = Debug|Any CPU
		{B9B16A9B-0484-4632-865E-AB298DB30855}.Debug|Any CPU.Build.0 = Debug|Any CPU
		{B9B16A9B-0484-4632-865E-AB298DB30855}.Debug|x64.ActiveCfg = Debug|Any CPU
		{B9B16A9B-0484-4632-865E-AB298DB30855}.Debug|x64.Build.0 = Debug|Any CPU
		{B9B16A9B-0484-4632-865E-AB298DB30855}.Debug|x86.ActiveCfg = Debug|Any CPU
		{B9B16A9B-0484-4632-865E-AB298DB30855}.Debug|x86.Build.0 = Debug|Any CPU
		{B9B16A9B-0484-4632-865E-AB298DB30855}.Release|Any CPU.ActiveCfg = Release|Any CPU
		{B9B16A9B-0484-4632-865E-AB298DB30855}.Release|Any CPU.Build.0 = Release|Any CPU
		{B9B16A9B-0484-4632-865E-AB298DB30855}.Release|x64.ActiveCfg = Release|Any CPU
		{B9B16A9B-0484-4632-865E-AB298DB30855}.Release|x64.Build.0 = Release|Any CPU
		{B9B16A9B-0484-4632-865E-AB298DB30855}.Release|x86.ActiveCfg = Release|Any CPU
		{B9B16A9B-0484-4632-865E-AB298DB30855}.Release|x86.Build.0 = Release|Any CPU
		{D8E3BC3C-33CF-4DAC-8FED-1ADECF539238}.Debug|Any CPU.ActiveCfg = Debug|Any CPU
		{D8E3BC3C-33CF-4DAC-8FED-1ADECF539238}.Debug|Any CPU.Build.0 = Debug|Any CPU
		{D8E3BC3C-33CF-4DAC-8FED-1ADECF539238}.Debug|x64.ActiveCfg = Debug|Any CPU
		{D8E3BC3C-33CF-4DAC-8FED-1ADECF539238}.Debug|x64.Build.0 = Debug|Any CPU
		{D8E3BC3C-33CF-4DAC-8FED-1ADECF539238}.Debug|x86.ActiveCfg = Debug|Any CPU
		{D8E3BC3C-33CF-4DAC-8FED-1ADECF539238}.Debug|x86.Build.0 = Debug|Any CPU
		{D8E3BC3C-33CF-4DAC-8FED-1ADECF539238}.Release|Any CPU.ActiveCfg = Release|Any CPU
		{D8E3BC3C-33CF-4DAC-8FED-1ADECF539238}.Release|Any CPU.Build.0 = Release|Any CPU
		{D8E3BC3C-33CF-4DAC-8FED-1ADECF539238}.Release|x64.ActiveCfg = Release|Any CPU
		{D8E3BC3C-33CF-4DAC-8FED-1ADECF539238}.Release|x64.Build.0 = Release|Any CPU
		{D8E3BC3C-33CF-4DAC-8FED-1ADECF539238}.Release|x86.ActiveCfg = Release|Any CPU
		{D8E3BC3C-33CF-4DAC-8FED-1ADECF539238}.Release|x86.Build.0 = Release|Any CPU
	EndGlobalSection
	GlobalSection(SolutionProperties) = preSolution
		HideSolutionNode = FALSE
	EndGlobalSection
	GlobalSection(ExtensibilityGlobals) = postSolution
		SolutionGuid = {5B3EF90B-B3FA-4A32-A46F-F581B58FE579}
	EndGlobalSection
EndGlobal
